// !$*UTF8*$!
{
	archiveVersion = 1;
	classes = {
	};
	objectVersion = 56;
	objects = {

/* Begin PBXBuildFile section */
		3F7EF7702A834DB800A971DC /* AppDelegate.swift in Sources */ = {isa = PBXBuildFile; fileRef = 3F7EF76F2A834DB800A971DC /* AppDelegate.swift */; };
		3F7EF7722A834DB800A971DC /* SceneDelegate.swift in Sources */ = {isa = PBXBuildFile; fileRef = 3F7EF7712A834DB800A971DC /* SceneDelegate.swift */; };
		3F7EF7742A834DB800A971DC /* ViewController.swift in Sources */ = {isa = PBXBuildFile; fileRef = 3F7EF7732A834DB800A971DC /* ViewController.swift */; };
		3F7EF7772A834DB800A971DC /* Main.storyboard in Resources */ = {isa = PBXBuildFile; fileRef = 3F7EF7752A834DB800A971DC /* Main.storyboard */; };
		3F7EF7792A834DB900A971DC /* Assets.xcassets in Resources */ = {isa = PBXBuildFile; fileRef = 3F7EF7782A834DB900A971DC /* Assets.xcassets */; };
		3F7EF77C2A834DB900A971DC /* LaunchScreen.storyboard in Resources */ = {isa = PBXBuildFile; fileRef = 3F7EF77A2A834DB900A971DC /* LaunchScreen.storyboard */; };
		3F7EF78A2A836DAB00A971DC /* NotoSansKR-Bold.otf in Resources */ = {isa = PBXBuildFile; fileRef = 3F7EF7842A836DAA00A971DC /* NotoSansKR-Bold.otf */; };
		3F7EF78B2A836DAB00A971DC /* NotoSansKR-Black.otf in Resources */ = {isa = PBXBuildFile; fileRef = 3F7EF7852A836DAA00A971DC /* NotoSansKR-Black.otf */; };
		3F7EF78C2A836DAB00A971DC /* NotoSansKR-Medium.otf in Resources */ = {isa = PBXBuildFile; fileRef = 3F7EF7862A836DAB00A971DC /* NotoSansKR-Medium.otf */; };
		3F7EF78D2A836DAB00A971DC /* NotoSansKR-Regular.otf in Resources */ = {isa = PBXBuildFile; fileRef = 3F7EF7872A836DAB00A971DC /* NotoSansKR-Regular.otf */; };
		3F7EF78E2A836DAB00A971DC /* NotoSansKR-Thin.otf in Resources */ = {isa = PBXBuildFile; fileRef = 3F7EF7882A836DAB00A971DC /* NotoSansKR-Thin.otf */; };
		3F7EF78F2A836DAB00A971DC /* NotoSansKR-Light.otf in Resources */ = {isa = PBXBuildFile; fileRef = 3F7EF7892A836DAB00A971DC /* NotoSansKR-Light.otf */; };
		3F7EF7912A837E1C00A971DC /* ToDo.swift in Sources */ = {isa = PBXBuildFile; fileRef = 3F7EF7902A837E1C00A971DC /* ToDo.swift */; };
		3F7EF79B2A83896200A971DC /* NotoSansCJKkr-Regular.otf in Resources */ = {isa = PBXBuildFile; fileRef = 3F7EF7922A83895A00A971DC /* NotoSansCJKkr-Regular.otf */; };
		3F7EF79C2A83896200A971DC /* NotoSansCJKkr-Medium.otf in Resources */ = {isa = PBXBuildFile; fileRef = 3F7EF7932A83895B00A971DC /* NotoSansCJKkr-Medium.otf */; };
		3F7EF79D2A83896200A971DC /* NotoSansMonoCJKkr-Bold.otf in Resources */ = {isa = PBXBuildFile; fileRef = 3F7EF7942A83895C00A971DC /* NotoSansMonoCJKkr-Bold.otf */; };
		3F7EF79E2A83896200A971DC /* NotoSansCJKkr-Black.otf in Resources */ = {isa = PBXBuildFile; fileRef = 3F7EF7952A83895D00A971DC /* NotoSansCJKkr-Black.otf */; };
		3F7EF79F2A83896200A971DC /* NotoSansCJKkr-DemiLight.otf in Resources */ = {isa = PBXBuildFile; fileRef = 3F7EF7962A83895E00A971DC /* NotoSansCJKkr-DemiLight.otf */; };
		3F7EF7A02A83896200A971DC /* NotoSansMonoCJKkr-Regular.otf in Resources */ = {isa = PBXBuildFile; fileRef = 3F7EF7972A83895F00A971DC /* NotoSansMonoCJKkr-Regular.otf */; };
		3F7EF7A12A83896200A971DC /* NotoSansCJKkr-Bold.otf in Resources */ = {isa = PBXBuildFile; fileRef = 3F7EF7982A83896000A971DC /* NotoSansCJKkr-Bold.otf */; };
		3F7EF7A22A83896200A971DC /* NotoSansCJKkr-Light.otf in Resources */ = {isa = PBXBuildFile; fileRef = 3F7EF7992A83896100A971DC /* NotoSansCJKkr-Light.otf */; };
		3F7EF7A32A83896200A971DC /* NotoSansCJKkr-Thin.otf in Resources */ = {isa = PBXBuildFile; fileRef = 3F7EF79A2A83896200A971DC /* NotoSansCJKkr-Thin.otf */; };
		3F7EF7A52A83998600A971DC /* AddViewController.swift in Sources */ = {isa = PBXBuildFile; fileRef = 3F7EF7A42A83998600A971DC /* AddViewController.swift */; };
/* End PBXBuildFile section */

/* Begin PBXFileReference section */
		3F7EF76C2A834DB800A971DC /* ToDoList.app */ = {isa = PBXFileReference; explicitFileType = wrapper.application; includeInIndex = 0; path = ToDoList.app; sourceTree = BUILT_PRODUCTS_DIR; };
		3F7EF76F2A834DB800A971DC /* AppDelegate.swift */ = {isa = PBXFileReference; lastKnownFileType = sourcecode.swift; path = AppDelegate.swift; sourceTree = "<group>"; };
		3F7EF7712A834DB800A971DC /* SceneDelegate.swift */ = {isa = PBXFileReference; lastKnownFileType = sourcecode.swift; path = SceneDelegate.swift; sourceTree = "<group>"; };
		3F7EF7732A834DB800A971DC /* ViewController.swift */ = {isa = PBXFileReference; lastKnownFileType = sourcecode.swift; path = ViewController.swift; sourceTree = "<group>"; };
		3F7EF7762A834DB800A971DC /* Base */ = {isa = PBXFileReference; lastKnownFileType = file.storyboard; name = Base; path = Base.lproj/Main.storyboard; sourceTree = "<group>"; };
		3F7EF7782A834DB900A971DC /* Assets.xcassets */ = {isa = PBXFileReference; lastKnownFileType = folder.assetcatalog; path = Assets.xcassets; sourceTree = "<group>"; };
		3F7EF77B2A834DB900A971DC /* Base */ = {isa = PBXFileReference; lastKnownFileType = file.storyboard; name = Base; path = Base.lproj/LaunchScreen.storyboard; sourceTree = "<group>"; };
		3F7EF77D2A834DB900A971DC /* Info.plist */ = {isa = PBXFileReference; lastKnownFileType = text.plist.xml; path = Info.plist; sourceTree = "<group>"; };
		3F7EF7842A836DAA00A971DC /* NotoSansKR-Bold.otf */ = {isa = PBXFileReference; lastKnownFileType = file; path = "NotoSansKR-Bold.otf"; sourceTree = "<group>"; };
		3F7EF7852A836DAA00A971DC /* NotoSansKR-Black.otf */ = {isa = PBXFileReference; lastKnownFileType = file; path = "NotoSansKR-Black.otf"; sourceTree = "<group>"; };
		3F7EF7862A836DAB00A971DC /* NotoSansKR-Medium.otf */ = {isa = PBXFileReference; lastKnownFileType = file; path = "NotoSansKR-Medium.otf"; sourceTree = "<group>"; };
		3F7EF7872A836DAB00A971DC /* NotoSansKR-Regular.otf */ = {isa = PBXFileReference; lastKnownFileType = file; path = "NotoSansKR-Regular.otf"; sourceTree = "<group>"; };
		3F7EF7882A836DAB00A971DC /* NotoSansKR-Thin.otf */ = {isa = PBXFileReference; lastKnownFileType = file; path = "NotoSansKR-Thin.otf"; sourceTree = "<group>"; };
		3F7EF7892A836DAB00A971DC /* NotoSansKR-Light.otf */ = {isa = PBXFileReference; lastKnownFileType = file; path = "NotoSansKR-Light.otf"; sourceTree = "<group>"; };
		3F7EF7902A837E1C00A971DC /* ToDo.swift */ = {isa = PBXFileReference; lastKnownFileType = sourcecode.swift; path = ToDo.swift; sourceTree = "<group>"; };
		3F7EF7922A83895A00A971DC /* NotoSansCJKkr-Regular.otf */ = {isa = PBXFileReference; lastKnownFileType = file; path = "NotoSansCJKkr-Regular.otf"; sourceTree = "<group>"; };
		3F7EF7932A83895B00A971DC /* NotoSansCJKkr-Medium.otf */ = {isa = PBXFileReference; lastKnownFileType = file; path = "NotoSansCJKkr-Medium.otf"; sourceTree = "<group>"; };
		3F7EF7942A83895C00A971DC /* NotoSansMonoCJKkr-Bold.otf */ = {isa = PBXFileReference; lastKnownFileType = file; path = "NotoSansMonoCJKkr-Bold.otf"; sourceTree = "<group>"; };
		3F7EF7952A83895D00A971DC /* NotoSansCJKkr-Black.otf */ = {isa = PBXFileReference; lastKnownFileType = file; path = "NotoSansCJKkr-Black.otf"; sourceTree = "<group>"; };
		3F7EF7962A83895E00A971DC /* NotoSansCJKkr-DemiLight.otf */ = {isa = PBXFileReference; lastKnownFileType = file; path = "NotoSansCJKkr-DemiLight.otf"; sourceTree = "<group>"; };
		3F7EF7972A83895F00A971DC /* NotoSansMonoCJKkr-Regular.otf */ = {isa = PBXFileReference; lastKnownFileType = file; path = "NotoSansMonoCJKkr-Regular.otf"; sourceTree = "<group>"; };
		3F7EF7982A83896000A971DC /* NotoSansCJKkr-Bold.otf */ = {isa = PBXFileReference; lastKnownFileType = file; path = "NotoSansCJKkr-Bold.otf"; sourceTree = "<group>"; };
		3F7EF7992A83896100A971DC /* NotoSansCJKkr-Light.otf */ = {isa = PBXFileReference; lastKnownFileType = file; path = "NotoSansCJKkr-Light.otf"; sourceTree = "<group>"; };
		3F7EF79A2A83896200A971DC /* NotoSansCJKkr-Thin.otf */ = {isa = PBXFileReference; lastKnownFileType = file; path = "NotoSansCJKkr-Thin.otf"; sourceTree = "<group>"; };
		3F7EF7A42A83998600A971DC /* AddViewController.swift */ = {isa = PBXFileReference; lastKnownFileType = sourcecode.swift; path = AddViewController.swift; sourceTree = "<group>"; };
/* End PBXFileReference section */

/* Begin PBXFrameworksBuildPhase section */
		3F7EF7692A834DB800A971DC /* Frameworks */ = {
			isa = PBXFrameworksBuildPhase;
			buildActionMask = 2147483647;
			files = (
			);
			runOnlyForDeploymentPostprocessing = 0;
		};
/* End PBXFrameworksBuildPhase section */

/* Begin PBXGroup section */
		3F7EF7632A834DB800A971DC = {
			isa = PBXGroup;
			children = (
				3F7EF76E2A834DB800A971DC /* ToDoList */,
				3F7EF7832A836D6000A971DC /* font */,
				3F7EF76D2A834DB800A971DC /* Products */,
			);
			sourceTree = "<group>";
		};
		3F7EF76D2A834DB800A971DC /* Products */ = {
			isa = PBXGroup;
			children = (
				3F7EF76C2A834DB800A971DC /* ToDoList.app */,
			);
			name = Products;
			sourceTree = "<group>";
		};
		3F7EF76E2A834DB800A971DC /* ToDoList */ = {
			isa = PBXGroup;
			children = (
				3F7EF76F2A834DB800A971DC /* AppDelegate.swift */,
				3F7EF7712A834DB800A971DC /* SceneDelegate.swift */,
				3F7EF7732A834DB800A971DC /* ViewController.swift */,
				3F7EF7A42A83998600A971DC /* AddViewController.swift */,
				3F7EF7902A837E1C00A971DC /* ToDo.swift */,
				3F7EF7752A834DB800A971DC /* Main.storyboard */,
				3F7EF7782A834DB900A971DC /* Assets.xcassets */,
				3F7EF77A2A834DB900A971DC /* LaunchScreen.storyboard */,
				3F7EF77D2A834DB900A971DC /* Info.plist */,
			);
			path = ToDoList;
			sourceTree = "<group>";
		};
		3F7EF7832A836D6000A971DC /* font */ = {
			isa = PBXGroup;
			children = (
				3F7EF7852A836DAA00A971DC /* NotoSansKR-Black.otf */,
				3F7EF7842A836DAA00A971DC /* NotoSansKR-Bold.otf */,
				3F7EF7862A836DAB00A971DC /* NotoSansKR-Medium.otf */,
				3F7EF7872A836DAB00A971DC /* NotoSansKR-Regular.otf */,
				3F7EF7892A836DAB00A971DC /* NotoSansKR-Light.otf */,
				3F7EF7882A836DAB00A971DC /* NotoSansKR-Thin.otf */,
				3F7EF7952A83895D00A971DC /* NotoSansCJKkr-Black.otf */,
				3F7EF7982A83896000A971DC /* NotoSansCJKkr-Bold.otf */,
				3F7EF7962A83895E00A971DC /* NotoSansCJKkr-DemiLight.otf */,
				3F7EF7992A83896100A971DC /* NotoSansCJKkr-Light.otf */,
				3F7EF7932A83895B00A971DC /* NotoSansCJKkr-Medium.otf */,
				3F7EF7922A83895A00A971DC /* NotoSansCJKkr-Regular.otf */,
				3F7EF79A2A83896200A971DC /* NotoSansCJKkr-Thin.otf */,
				3F7EF7942A83895C00A971DC /* NotoSansMonoCJKkr-Bold.otf */,
				3F7EF7972A83895F00A971DC /* NotoSansMonoCJKkr-Regular.otf */,
			);
			path = font;
			sourceTree = "<group>";
		};
/* End PBXGroup section */

/* Begin PBXNativeTarget section */
		3F7EF76B2A834DB800A971DC /* ToDoList */ = {
			isa = PBXNativeTarget;
			buildConfigurationList = 3F7EF7802A834DB900A971DC /* Build configuration list for PBXNativeTarget "ToDoList" */;
			buildPhases = (
				3F7EF7682A834DB800A971DC /* Sources */,
				3F7EF7692A834DB800A971DC /* Frameworks */,
				3F7EF76A2A834DB800A971DC /* Resources */,
			);
			buildRules = (
			);
			dependencies = (
			);
			name = ToDoList;
			productName = ToDoList;
			productReference = 3F7EF76C2A834DB800A971DC /* ToDoList.app */;
			productType = "com.apple.product-type.application";
		};
/* End PBXNativeTarget section */

/* Begin PBXProject section */
		3F7EF7642A834DB800A971DC /* Project object */ = {
			isa = PBXProject;
			attributes = {
				BuildIndependentTargetsInParallel = 1;
				LastSwiftUpdateCheck = 1430;
				LastUpgradeCheck = 1430;
				TargetAttributes = {
					3F7EF76B2A834DB800A971DC = {
						CreatedOnToolsVersion = 14.3.1;
					};
				};
			};
			buildConfigurationList = 3F7EF7672A834DB800A971DC /* Build configuration list for PBXProject "ToDoList" */;
			compatibilityVersion = "Xcode 14.0";
			developmentRegion = en;
			hasScannedForEncodings = 0;
			knownRegions = (
				en,
				Base,
			);
			mainGroup = 3F7EF7632A834DB800A971DC;
			productRefGroup = 3F7EF76D2A834DB800A971DC /* Products */;
			projectDirPath = "";
			projectRoot = "";
			targets = (
				3F7EF76B2A834DB800A971DC /* ToDoList */,
			);
		};
/* End PBXProject section */

/* Begin PBXResourcesBuildPhase section */
		3F7EF76A2A834DB800A971DC /* Resources */ = {
			isa = PBXResourcesBuildPhase;
			buildActionMask = 2147483647;
			files = (
				3F7EF79F2A83896200A971DC /* NotoSansCJKkr-DemiLight.otf in Resources */,
				3F7EF78C2A836DAB00A971DC /* NotoSansKR-Medium.otf in Resources */,
				3F7EF77C2A834DB900A971DC /* LaunchScreen.storyboard in Resources */,
				3F7EF7A32A83896200A971DC /* NotoSansCJKkr-Thin.otf in Resources */,
				3F7EF7792A834DB900A971DC /* Assets.xcassets in Resources */,
				3F7EF78A2A836DAB00A971DC /* NotoSansKR-Bold.otf in Resources */,
				3F7EF7A12A83896200A971DC /* NotoSansCJKkr-Bold.otf in Resources */,
				3F7EF7A22A83896200A971DC /* NotoSansCJKkr-Light.otf in Resources */,
				3F7EF78E2A836DAB00A971DC /* NotoSansKR-Thin.otf in Resources */,
				3F7EF79B2A83896200A971DC /* NotoSansCJKkr-Regular.otf in Resources */,
				3F7EF79D2A83896200A971DC /* NotoSansMonoCJKkr-Bold.otf in Resources */,
				3F7EF78B2A836DAB00A971DC /* NotoSansKR-Black.otf in Resources */,
				3F7EF7A02A83896200A971DC /* NotoSansMonoCJKkr-Regular.otf in Resources */,
				3F7EF78F2A836DAB00A971DC /* NotoSansKR-Light.otf in Resources */,
				3F7EF79E2A83896200A971DC /* NotoSansCJKkr-Black.otf in Resources */,
				3F7EF79C2A83896200A971DC /* NotoSansCJKkr-Medium.otf in Resources */,
				3F7EF7772A834DB800A971DC /* Main.storyboard in Resources */,
				3F7EF78D2A836DAB00A971DC /* NotoSansKR-Regular.otf in Resources */,
			);
			runOnlyForDeploymentPostprocessing = 0;
		};
/* End PBXResourcesBuildPhase section */

/* Begin PBXSourcesBuildPhase section */
		3F7EF7682A834DB800A971DC /* Sources */ = {
			isa = PBXSourcesBuildPhase;
			buildActionMask = 2147483647;
			files = (
				3F7EF7A52A83998600A971DC /* AddViewController.swift in Sources */,
				3F7EF7742A834DB800A971DC /* ViewController.swift in Sources */,
				3F7EF7702A834DB800A971DC /* AppDelegate.swift in Sources */,
				3F7EF7722A834DB800A971DC /* SceneDelegate.swift in Sources */,
				3F7EF7912A837E1C00A971DC /* ToDo.swift in Sources */,
			);
			runOnlyForDeploymentPostprocessing = 0;
		};
/* End PBXSourcesBuildPhase section */

/* Begin PBXVariantGroup section */
		3F7EF7752A834DB800A971DC /* Main.storyboard */ = {
			isa = PBXVariantGroup;
			children = (
				3F7EF7762A834DB800A971DC /* Base */,
			);
			name = Main.storyboard;
			sourceTree = "<group>";
		};
		3F7EF77A2A834DB900A971DC /* LaunchScreen.storyboard */ = {
			isa = PBXVariantGroup;
			children = (
				3F7EF77B2A834DB900A971DC /* Base */,
			);
			name = LaunchScreen.storyboard;
			sourceTree = "<group>";
		};
/* End PBXVariantGroup section */

/* Begin XCBuildConfiguration section */
		3F7EF77E2A834DB900A971DC /* Debug */ = {
			isa = XCBuildConfiguration;
			buildSettings = {
				ALWAYS_SEARCH_USER_PATHS = NO;
				CLANG_ANALYZER_NONNULL = YES;
				CLANG_ANALYZER_NUMBER_OBJECT_CONVERSION = YES_AGGRESSIVE;
				CLANG_CXX_LANGUAGE_STANDARD = "gnu++20";
				CLANG_ENABLE_MODULES = YES;
				CLANG_ENABLE_OBJC_ARC = YES;
				CLANG_ENABLE_OBJC_WEAK = YES;
				CLANG_WARN_BLOCK_CAPTURE_AUTORELEASING = YES;
				CLANG_WARN_BOOL_CONVERSION = YES;
				CLANG_WARN_COMMA = YES;
				CLANG_WARN_CONSTANT_CONVERSION = YES;
				CLANG_WARN_DEPRECATED_OBJC_IMPLEMENTATIONS = YES;
				CLANG_WARN_DIRECT_OBJC_ISA_USAGE = YES_ERROR;
				CLANG_WARN_DOCUMENTATION_COMMENTS = YES;
				CLANG_WARN_EMPTY_BODY = YES;
				CLANG_WARN_ENUM_CONVERSION = YES;
				CLANG_WARN_INFINITE_RECURSION = YES;
				CLANG_WARN_INT_CONVERSION = YES;
				CLANG_WARN_NON_LITERAL_NULL_CONVERSION = YES;
				CLANG_WARN_OBJC_IMPLICIT_RETAIN_SELF = YES;
				CLANG_WARN_OBJC_LITERAL_CONVERSION = YES;
				CLANG_WARN_OBJC_ROOT_CLASS = YES_ERROR;
				CLANG_WARN_QUOTED_INCLUDE_IN_FRAMEWORK_HEADER = YES;
				CLANG_WARN_RANGE_LOOP_ANALYSIS = YES;
				CLANG_WARN_STRICT_PROTOTYPES = YES;
				CLANG_WARN_SUSPICIOUS_MOVE = YES;
				CLANG_WARN_UNGUARDED_AVAILABILITY = YES_AGGRESSIVE;
				CLANG_WARN_UNREACHABLE_CODE = YES;
				CLANG_WARN__DUPLICATE_METHOD_MATCH = YES;
				COPY_PHASE_STRIP = NO;
				DEBUG_INFORMATION_FORMAT = dwarf;
				ENABLE_STRICT_OBJC_MSGSEND = YES;
				ENABLE_TESTABILITY = YES;
				GCC_C_LANGUAGE_STANDARD = gnu11;
				GCC_DYNAMIC_NO_PIC = NO;
				GCC_NO_COMMON_BLOCKS = YES;
				GCC_OPTIMIZATION_LEVEL = 0;
				GCC_PREPROCESSOR_DEFINITIONS = (
					"DEBUG=1",
					"$(inherited)",
				);
				GCC_WARN_64_TO_32_BIT_CONVERSION = YES;
				GCC_WARN_ABOUT_RETURN_TYPE = YES_ERROR;
				GCC_WARN_UNDECLARED_SELECTOR = YES;
				GCC_WARN_UNINITIALIZED_AUTOS = YES_AGGRESSIVE;
				GCC_WARN_UNUSED_FUNCTION = YES;
				GCC_WARN_UNUSED_VARIABLE = YES;
				IPHONEOS_DEPLOYMENT_TARGET = 16.4;
				MTL_ENABLE_DEBUG_INFO = INCLUDE_SOURCE;
				MTL_FAST_MATH = YES;
				ONLY_ACTIVE_ARCH = YES;
				SDKROOT = iphoneos;
				SWIFT_ACTIVE_COMPILATION_CONDITIONS = DEBUG;
				SWIFT_OPTIMIZATION_LEVEL = "-Onone";
			};
			name = Debug;
		};
		3F7EF77F2A834DB900A971DC /* Release */ = {
			isa = XCBuildConfiguration;
			buildSettings = {
				ALWAYS_SEARCH_USER_PATHS = NO;
				CLANG_ANALYZER_NONNULL = YES;
				CLANG_ANALYZER_NUMBER_OBJECT_CONVERSION = YES_AGGRESSIVE;
				CLANG_CXX_LANGUAGE_STANDARD = "gnu++20";
				CLANG_ENABLE_MODULES = YES;
				CLANG_ENABLE_OBJC_ARC = YES;
				CLANG_ENABLE_OBJC_WEAK = YES;
				CLANG_WARN_BLOCK_CAPTURE_AUTORELEASING = YES;
				CLANG_WARN_BOOL_CONVERSION = YES;
				CLANG_WARN_COMMA = YES;
				CLANG_WARN_CONSTANT_CONVERSION = YES;
				CLANG_WARN_DEPRECATED_OBJC_IMPLEMENTATIONS = YES;
				CLANG_WARN_DIRECT_OBJC_ISA_USAGE = YES_ERROR;
				CLANG_WARN_DOCUMENTATION_COMMENTS = YES;
				CLANG_WARN_EMPTY_BODY = YES;
				CLANG_WARN_ENUM_CONVERSION = YES;
				CLANG_WARN_INFINITE_RECURSION = YES;
				CLANG_WARN_INT_CONVERSION = YES;
				CLANG_WARN_NON_LITERAL_NULL_CONVERSION = YES;
				CLANG_WARN_OBJC_IMPLICIT_RETAIN_SELF = YES;
				CLANG_WARN_OBJC_LITERAL_CONVERSION = YES;
				CLANG_WARN_OBJC_ROOT_CLASS = YES_ERROR;
				CLANG_WARN_QUOTED_INCLUDE_IN_FRAMEWORK_HEADER = YES;
				CLANG_WARN_RANGE_LOOP_ANALYSIS = YES;
				CLANG_WARN_STRICT_PROTOTYPES = YES;
				CLANG_WARN_SUSPICIOUS_MOVE = YES;
				CLANG_WARN_UNGUARDED_AVAILABILITY = YES_AGGRESSIVE;
				CLANG_WARN_UNREACHABLE_CODE = YES;
				CLANG_WARN__DUPLICATE_METHOD_MATCH = YES;
				COPY_PHASE_STRIP = NO;
				DEBUG_INFORMATION_FORMAT = "dwarf-with-dsym";
				ENABLE_NS_ASSERTIONS = NO;
				ENABLE_STRICT_OBJC_MSGSEND = YES;
				GCC_C_LANGUAGE_STANDARD = gnu11;
				GCC_NO_COMMON_BLOCKS = YES;
				GCC_WARN_64_TO_32_BIT_CONVERSION = YES;
				GCC_WARN_ABOUT_RETURN_TYPE = YES_ERROR;
				GCC_WARN_UNDECLARED_SELECTOR = YES;
				GCC_WARN_UNINITIALIZED_AUTOS = YES_AGGRESSIVE;
				GCC_WARN_UNUSED_FUNCTION = YES;
				GCC_WARN_UNUSED_VARIABLE = YES;
				IPHONEOS_DEPLOYMENT_TARGET = 16.4;
				MTL_ENABLE_DEBUG_INFO = NO;
				MTL_FAST_MATH = YES;
				SDKROOT = iphoneos;
				SWIFT_COMPILATION_MODE = wholemodule;
				SWIFT_OPTIMIZATION_LEVEL = "-O";
				VALIDATE_PRODUCT = YES;
			};
			name = Release;
		};
		3F7EF7812A834DB900A971DC /* Debug */ = {
			isa = XCBuildConfiguration;
			buildSettings = {
				ASSETCATALOG_COMPILER_APPICON_NAME = AppIcon;
				ASSETCATALOG_COMPILER_GLOBAL_ACCENT_COLOR_NAME = AccentColor;
				CODE_SIGN_STYLE = Automatic;
				CURRENT_PROJECT_VERSION = 1;
				GENERATE_INFOPLIST_FILE = YES;
				INFOPLIST_FILE = ToDoList/Info.plist;
				INFOPLIST_KEY_UIApplicationSupportsIndirectInputEvents = YES;
				INFOPLIST_KEY_UILaunchStoryboardName = LaunchScreen;
				INFOPLIST_KEY_UIMainStoryboardFile = Main;
				INFOPLIST_KEY_UISupportedInterfaceOrientations_iPad = "UIInterfaceOrientationPortrait UIInterfaceOrientationPortraitUpsideDown UIInterfaceOrientationLandscapeLeft UIInterfaceOrientationLandscapeRight";
				INFOPLIST_KEY_UISupportedInterfaceOrientations_iPhone = "UIInterfaceOrientationPortrait UIInterfaceOrientationLandscapeLeft UIInterfaceOrientationLandscapeRight";
				LD_RUNPATH_SEARCH_PATHS = (
					"$(inherited)",
					"@executable_path/Frameworks",
				);
				MARKETING_VERSION = 1.0;
				PRODUCT_BUNDLE_IDENTIFIER = com.iOS.ToDoList;
				PRODUCT_NAME = "$(TARGET_NAME)";
				SWIFT_EMIT_LOC_STRINGS = YES;
				SWIFT_VERSION = 5.0;
				TARGETED_DEVICE_FAMILY = "1,2";
			};
			name = Debug;
		};
		3F7EF7822A834DB900A971DC /* Release */ = {
			isa = XCBuildConfiguration;
			buildSettings = {
				ASSETCATALOG_COMPILER_APPICON_NAME = AppIcon;
				ASSETCATALOG_COMPILER_GLOBAL_ACCENT_COLOR_NAME = AccentColor;
				CODE_SIGN_STYLE = Automatic;
				CURRENT_PROJECT_VERSION = 1;
				GENERATE_INFOPLIST_FILE = YES;
				INFOPLIST_FILE = ToDoList/Info.plist;
				INFOPLIST_KEY_UIApplicationSupportsIndirectInputEvents = YES;
				INFOPLIST_KEY_UILaunchStoryboardName = LaunchScreen;
				INFOPLIST_KEY_UIMainStoryboardFile = Main;
				INFOPLIST_KEY_UISupportedInterfaceOrientations_iPad = "UIInterfaceOrientationPortrait UIInterfaceOrientationPortraitUpsideDown UIInterfaceOrientationLandscapeLeft UIInterfaceOrientationLandscapeRight";
				INFOPLIST_KEY_UISupportedInterfaceOrientations_iPhone = "UIInterfaceOrientationPortrait UIInterfaceOrientationLandscapeLeft UIInterfaceOrientationLandscapeRight";
				LD_RUNPATH_SEARCH_PATHS = (
					"$(inherited)",
					"@executable_path/Frameworks",
				);
				MARKETING_VERSION = 1.0;
				PRODUCT_BUNDLE_IDENTIFIER = com.iOS.ToDoList;
				PRODUCT_NAME = "$(TARGET_NAME)";
				SWIFT_EMIT_LOC_STRINGS = YES;
				SWIFT_VERSION = 5.0;
				TARGETED_DEVICE_FAMILY = "1,2";
			};
			name = Release;
		};
/* End XCBuildConfiguration section */

/* Begin XCConfigurationList section */
		3F7EF7672A834DB800A971DC /* Build configuration list for PBXProject "ToDoList" */ = {
			isa = XCConfigurationList;
			buildConfigurations = (
				3F7EF77E2A834DB900A971DC /* Debug */,
				3F7EF77F2A834DB900A971DC /* Release */,
			);
			defaultConfigurationIsVisible = 0;
			defaultConfigurationName = Release;
		};
		3F7EF7802A834DB900A971DC /* Build configuration list for PBXNativeTarget "ToDoList" */ = {
			isa = XCConfigurationList;
			buildConfigurations = (
				3F7EF7812A834DB900A971DC /* Debug */,
				3F7EF7822A834DB900A971DC /* Release */,
			);
			defaultConfigurationIsVisible = 0;
			defaultConfigurationName = Release;
		};
/* End XCConfigurationList section */
	};
	rootObject = 3F7EF7642A834DB800A971DC /* Project object */;
}
